
Microsoft Visual Studio Solution File, Format Version 12.00
# Visual Studio 15
VisualStudioVersion = 15.0.28307.329
MinimumVisualStudioVersion = 10.0.40219.1
Project("{2150E333-8FDC-42A3-9474-1A3956D46DE8}") = "01. UI", "01. UI", "{8E14EAB8-6FBD-4700-9708-689EA61C6C13}"
EndProject
Project("{2150E333-8FDC-42A3-9474-1A3956D46DE8}") = "02. API", "02. API", "{4AEF49AC-7662-44BE-AA2E-87BCD5CFB56A}"
EndProject
Project("{2150E333-8FDC-42A3-9474-1A3956D46DE8}") = "03. Business", "03. Business", "{7766CE56-58A9-4BE2-B821-D013FF93588B}"
EndProject
Project("{9A19103F-16F7-4668-BE54-9A1E7A4F7556}") = "CAOL.Web", "CAOL.Web\CAOL.Web.csproj", "{0C87E278-170D-4DC7-BEA1-EE695EC9F711}"
EndProject
Project("{FAE04EC0-301F-11D3-BF4B-00C04F79EFBC}") = "CAOL.WebApi", "CAOL.WebApi\CAOL.WebApi.csproj", "{359A2D6A-F095-4E8B-A8F7-5097833BC880}"
EndProject
Project("{FAE04EC0-301F-11D3-BF4B-00C04F79EFBC}") = "CAOL.Core", "CAOL.Core\CAOL.Core.csproj", "{5E01E5D4-8939-4CB3-958B-08025540980F}"
EndProject
Global
	GlobalSection(SolutionConfigurationPlatforms) = preSolution
		Debug|Any CPU = Debug|Any CPU
		Release|Any CPU = Release|Any CPU
	EndGlobalSection
	GlobalSection(ProjectConfigurationPlatforms) = postSolution
		{0C87E278-170D-4DC7-BEA1-EE695EC9F711}.Debug|Any CPU.ActiveCfg = Debug|Any CPU
		{0C87E278-170D-4DC7-BEA1-EE695EC9F711}.Debug|Any CPU.Build.0 = Debug|Any CPU
		{0C87E278-170D-4DC7-BEA1-EE695EC9F711}.Release|Any CPU.ActiveCfg = Release|Any CPU
		{0C87E278-170D-4DC7-BEA1-EE695EC9F711}.Release|Any CPU.Build.0 = Release|Any CPU
		{359A2D6A-F095-4E8B-A8F7-5097833BC880}.Debug|Any CPU.ActiveCfg = Debug|Any CPU
		{359A2D6A-F095-4E8B-A8F7-5097833BC880}.Debug|Any CPU.Build.0 = Debug|Any CPU
		{359A2D6A-F095-4E8B-A8F7-5097833BC880}.Release|Any CPU.ActiveCfg = Release|Any CPU
		{359A2D6A-F095-4E8B-A8F7-5097833BC880}.Release|Any CPU.Build.0 = Release|Any CPU
		{5E01E5D4-8939-4CB3-958B-08025540980F}.Debug|Any CPU.ActiveCfg = Debug|Any CPU
		{5E01E5D4-8939-4CB3-958B-08025540980F}.Debug|Any CPU.Build.0 = Debug|Any CPU
		{5E01E5D4-8939-4CB3-958B-08025540980F}.Release|Any CPU.ActiveCfg = Release|Any CPU
		{5E01E5D4-8939-4CB3-958B-08025540980F}.Release|Any CPU.Build.0 = Release|Any CPU
	EndGlobalSection
	GlobalSection(SolutionProperties) = preSolution
		HideSolutionNode = FALSE
	EndGlobalSection
	GlobalSection(NestedProjects) = preSolution
		{0C87E278-170D-4DC7-BEA1-EE695EC9F711} = {8E14EAB8-6FBD-4700-9708-689EA61C6C13}
		{359A2D6A-F095-4E8B-A8F7-5097833BC880} = {4AEF49AC-7662-44BE-AA2E-87BCD5CFB56A}
		{5E01E5D4-8939-4CB3-958B-08025540980F} = {7766CE56-58A9-4BE2-B821-D013FF93588B}
	EndGlobalSection
	GlobalSection(ExtensibilityGlobals) = postSolution
		SolutionGuid = {97C75158-82F3-452D-900F-1F47DB28C0FE}
	EndGlobalSection
EndGlobal
